
Microsoft Visual Studio Solution File, Format Version 12.00
# Visual Studio 14
VisualStudioVersion = 14.0.25420.1
MinimumVisualStudioVersion = 10.0.40219.1
Project("{FAE04EC0-301F-11D3-BF4B-00C04F79EFBC}") = "Ex05 - 201331428_308921915", "Ex05 - 201331428_308921915\Ex05 - 201331428_308921915.csproj", "{DF684C4F-DB46-47D5-B0A1-F105D765C57E}"
EndProject
Global
	GlobalSection(SolutionConfigurationPlatforms) = preSolution
		Debug|Any CPU = Debug|Any CPU
		Release|Any CPU = Release|Any CPU
	EndGlobalSection
	GlobalSection(ProjectConfigurationPlatforms) = postSolution
		{DF684C4F-DB46-47D5-B0A1-F105D765C57E}.Debug|Any CPU.ActiveCfg = Debug|Any CPU
		{DF684C4F-DB46-47D5-B0A1-F105D765C57E}.Debug|Any CPU.Build.0 = Debug|Any CPU
		{DF684C4F-DB46-47D5-B0A1-F105D765C57E}.Release|Any CPU.ActiveCfg = Release|Any CPU
		{DF684C4F-DB46-47D5-B0A1-F105D765C57E}.Release|Any CPU.Build.0 = Release|Any CPU
	EndGlobalSection
	GlobalSection(SolutionProperties) = preSolution
		HideSolutionNode = FALSE
	EndGlobalSection
EndGlobal
